{
  "name": "tree-sitter-luax",
  "version": "0.1.0",
  "lockfileVersion": 2,
  "requires": true,
  "packages": {
    "": {
      "name": "tree-sitter-luax",
      "version": "0.1.0",
      "license": "MIT",
      "devDependencies": {
        "tree-sitter-cli": "^0.25.6"
      },
      "peerDependencies": {
        "tree-sitter": "^0.21.1"
      },
      "peerDependenciesMeta": {
        "tree-sitter": {
          "optional": true
        }
      }
    },
    "node_modules/tree-sitter-cli": {
      "version": "0.25.6",
      "resolved": "https://registry.npmjs.org/tree-sitter-cli/-/tree-sitter-cli-0.25.6.tgz",
      "integrity": "sha512-UhkXRkMPtBgE4OatZtYVtDsT3HFUliqAJcs49XQaZv8d2sbeTzEhpJVpMaCqBR3HGhb1WpyoodaFXQaMuOLPEg==",
      "dev": true,
      "hasInstallScript": true,
      "bin": {
        "tree-sitter": "cli.js"
      },
      "engines": {
        "node": ">=12.0.0"
      }
    }
  },
  "dependencies": {
    "tree-sitter-cli": {
      "version": "0.25.6",
      "resolved": "https://registry.npmjs.org/tree-sitter-cli/-/tree-sitter-cli-0.25.6.tgz",
      "integrity": "sha512-UhkXRkMPtBgE4OatZtYVtDsT3HFUliqAJcs49XQaZv8d2sbeTzEhpJVpMaCqBR3HGhb1WpyoodaFXQaMuOLPEg==",
      "dev": true
    }
  }
}
